
Microsoft Visual Studio Solution File, Format Version 12.00
# Visual Studio Version 17
VisualStudioVersion = 17.4.33110.190
MinimumVisualStudioVersion = 10.0.40219.1
Project("{FAE04EC0-301F-11D3-BF4B-00C04F79EFBC}") = "SistemaEmpleados", "SistemaEmpleados.csproj", "{7A883049-88D0-4035-8BD4-B53066A082AC}"
EndProject
Global
	GlobalSection(SolutionConfigurationPlatforms) = preSolution
		Debug|Any CPU = Debug|Any CPU
		Release|Any CPU = Release|Any CPU
	EndGlobalSection
	GlobalSection(ProjectConfigurationPlatforms) = postSolution
		{7A883049-88D0-4035-8BD4-B53066A082AC}.Debug|Any CPU.ActiveCfg = Debug|Any CPU
		{7A883049-88D0-4035-8BD4-B53066A082AC}.Debug|Any CPU.Build.0 = Debug|Any CPU
		{7A883049-88D0-4035-8BD4-B53066A082AC}.Release|Any CPU.ActiveCfg = Release|Any CPU
		{7A883049-88D0-4035-8BD4-B53066A082AC}.Release|Any CPU.Build.0 = Release|Any CPU
	EndGlobalSection
	GlobalSection(SolutionProperties) = preSolution
		HideSolutionNode = FALSE
	EndGlobalSection
	GlobalSection(ExtensibilityGlobals) = postSolution
		SolutionGuid = {40BD6926-2F81-4CB8-A04C-1298E6BE9436}
	EndGlobalSection
EndGlobal
